// !$*UTF8*$!
{
	archiveVersion = 1;
	classes = {
	};
	objectVersion = 55;
	objects = {

/* Begin PBXBuildFile section */
		6F25A0442807AA9700718D34 /* SafeArea+Extenstion.swift in Sources */ = {isa = PBXBuildFile; fileRef = 6F25A0432807AA9700718D34 /* SafeArea+Extenstion.swift */; };
		6F9CE4882806EB9C0085D249 /* View+Extenstion.swift in Sources */ = {isa = PBXBuildFile; fileRef = 6F9CE4872806EB9C0085D249 /* View+Extenstion.swift */; };
		6FE69A5A2806675E00F54814 /* CityCarApp.swift in Sources */ = {isa = PBXBuildFile; fileRef = 6FE69A592806675E00F54814 /* CityCarApp.swift */; };
		6FE69A5C2806675E00F54814 /* ContentView.swift in Sources */ = {isa = PBXBuildFile; fileRef = 6FE69A5B2806675E00F54814 /* ContentView.swift */; };
		6FE69A5E2806675F00F54814 /* Assets.xcassets in Resources */ = {isa = PBXBuildFile; fileRef = 6FE69A5D2806675F00F54814 /* Assets.xcassets */; };
		6FE69A612806675F00F54814 /* Preview Assets.xcassets in Resources */ = {isa = PBXBuildFile; fileRef = 6FE69A602806675F00F54814 /* Preview Assets.xcassets */; };
		6FE69A632806675F00F54814 /* Persistence.swift in Sources */ = {isa = PBXBuildFile; fileRef = 6FE69A622806675F00F54814 /* Persistence.swift */; };
		6FE69A662806675F00F54814 /* CityCar.xcdatamodeld in Sources */ = {isa = PBXBuildFile; fileRef = 6FE69A642806675F00F54814 /* CityCar.xcdatamodeld */; };
		6FE69A702806676000F54814 /* CityCarTests.swift in Sources */ = {isa = PBXBuildFile; fileRef = 6FE69A6F2806676000F54814 /* CityCarTests.swift */; };
		6FE69A7A2806676000F54814 /* CityCarUITests.swift in Sources */ = {isa = PBXBuildFile; fileRef = 6FE69A792806676000F54814 /* CityCarUITests.swift */; };
		6FE69A7C2806676000F54814 /* CityCarUITestsLaunchTests.swift in Sources */ = {isa = PBXBuildFile; fileRef = 6FE69A7B2806676000F54814 /* CityCarUITestsLaunchTests.swift */; };
		6FE69A8928066B7800F54814 /* LaunchScreen.swift in Sources */ = {isa = PBXBuildFile; fileRef = 6FE69A8828066B7700F54814 /* LaunchScreen.swift */; };
/* End PBXBuildFile section */

/* Begin PBXContainerItemProxy section */
		6FE69A6C2806676000F54814 /* PBXContainerItemProxy */ = {
			isa = PBXContainerItemProxy;
			containerPortal = 6FE69A4E2806675E00F54814 /* Project object */;
			proxyType = 1;
			remoteGlobalIDString = 6FE69A552806675E00F54814;
			remoteInfo = CityCar;
		};
		6FE69A762806676000F54814 /* PBXContainerItemProxy */ = {
			isa = PBXContainerItemProxy;
			containerPortal = 6FE69A4E2806675E00F54814 /* Project object */;
			proxyType = 1;
			remoteGlobalIDString = 6FE69A552806675E00F54814;
			remoteInfo = CityCar;
		};
/* End PBXContainerItemProxy section */

/* Begin PBXFileReference section */
		6F25A0432807AA9700718D34 /* SafeArea+Extenstion.swift */ = {isa = PBXFileReference; lastKnownFileType = sourcecode.swift; path = "SafeArea+Extenstion.swift"; sourceTree = "<group>"; };
		6F9CE4872806EB9C0085D249 /* View+Extenstion.swift */ = {isa = PBXFileReference; lastKnownFileType = sourcecode.swift; path = "View+Extenstion.swift"; sourceTree = "<group>"; };
		6FE69A562806675E00F54814 /* CityCar.app */ = {isa = PBXFileReference; explicitFileType = wrapper.application; includeInIndex = 0; path = CityCar.app; sourceTree = BUILT_PRODUCTS_DIR; };
		6FE69A592806675E00F54814 /* CityCarApp.swift */ = {isa = PBXFileReference; lastKnownFileType = sourcecode.swift; path = CityCarApp.swift; sourceTree = "<group>"; };
		6FE69A5B2806675E00F54814 /* ContentView.swift */ = {isa = PBXFileReference; lastKnownFileType = sourcecode.swift; path = ContentView.swift; sourceTree = "<group>"; };
		6FE69A5D2806675F00F54814 /* Assets.xcassets */ = {isa = PBXFileReference; lastKnownFileType = folder.assetcatalog; path = Assets.xcassets; sourceTree = "<group>"; };
		6FE69A602806675F00F54814 /* Preview Assets.xcassets */ = {isa = PBXFileReference; lastKnownFileType = folder.assetcatalog; path = "Preview Assets.xcassets"; sourceTree = "<group>"; };
		6FE69A622806675F00F54814 /* Persistence.swift */ = {isa = PBXFileReference; lastKnownFileType = sourcecode.swift; path = Persistence.swift; sourceTree = "<group>"; };
		6FE69A652806675F00F54814 /* CityCar.xcdatamodel */ = {isa = PBXFileReference; lastKnownFileType = wrapper.xcdatamodel; path = CityCar.xcdatamodel; sourceTree = "<group>"; };
		6FE69A6B2806676000F54814 /* CityCarTests.xctest */ = {isa = PBXFileReference; explicitFileType = wrapper.cfbundle; includeInIndex = 0; path = CityCarTests.xctest; sourceTree = BUILT_PRODUCTS_DIR; };
		6FE69A6F2806676000F54814 /* CityCarTests.swift */ = {isa = PBXFileReference; lastKnownFileType = sourcecode.swift; path = CityCarTests.swift; sourceTree = "<group>"; };
		6FE69A752806676000F54814 /* CityCarUITests.xctest */ = {isa = PBXFileReference; explicitFileType = wrapper.cfbundle; includeInIndex = 0; path = CityCarUITests.xctest; sourceTree = BUILT_PRODUCTS_DIR; };
		6FE69A792806676000F54814 /* CityCarUITests.swift */ = {isa = PBXFileReference; lastKnownFileType = sourcecode.swift; path = CityCarUITests.swift; sourceTree = "<group>"; };
		6FE69A7B2806676000F54814 /* CityCarUITestsLaunchTests.swift */ = {isa = PBXFileReference; lastKnownFileType = sourcecode.swift; path = CityCarUITestsLaunchTests.swift; sourceTree = "<group>"; };
		6FE69A8828066B7700F54814 /* LaunchScreen.swift */ = {isa = PBXFileReference; lastKnownFileType = sourcecode.swift; path = LaunchScreen.swift; sourceTree = "<group>"; };
/* End PBXFileReference section */

/* Begin PBXFrameworksBuildPhase section */
		6FE69A532806675E00F54814 /* Frameworks */ = {
			isa = PBXFrameworksBuildPhase;
			buildActionMask = 2147483647;
			files = (
			);
			runOnlyForDeploymentPostprocessing = 0;
		};
		6FE69A682806676000F54814 /* Frameworks */ = {
			isa = PBXFrameworksBuildPhase;
			buildActionMask = 2147483647;
			files = (
			);
			runOnlyForDeploymentPostprocessing = 0;
		};
		6FE69A722806676000F54814 /* Frameworks */ = {
			isa = PBXFrameworksBuildPhase;
			buildActionMask = 2147483647;
			files = (
			);
			runOnlyForDeploymentPostprocessing = 0;
		};
/* End PBXFrameworksBuildPhase section */

/* Begin PBXGroup section */
		6F9CE4862806EB8B0085D249 /* Extenstion */ = {
			isa = PBXGroup;
			children = (
				6FE69A8828066B7700F54814 /* LaunchScreen.swift */,
				6F9CE4872806EB9C0085D249 /* View+Extenstion.swift */,
				6F25A0432807AA9700718D34 /* SafeArea+Extenstion.swift */,
			);
			path = Extenstion;
			sourceTree = "<group>";
		};
		6FE69A4D2806675E00F54814 = {
			isa = PBXGroup;
			children = (
				6FE69A582806675E00F54814 /* CityCar */,
				6FE69A6E2806676000F54814 /* CityCarTests */,
				6FE69A782806676000F54814 /* CityCarUITests */,
				6FE69A572806675E00F54814 /* Products */,
			);
			sourceTree = "<group>";
		};
		6FE69A572806675E00F54814 /* Products */ = {
			isa = PBXGroup;
			children = (
				6FE69A562806675E00F54814 /* CityCar.app */,
				6FE69A6B2806676000F54814 /* CityCarTests.xctest */,
				6FE69A752806676000F54814 /* CityCarUITests.xctest */,
			);
			name = Products;
			sourceTree = "<group>";
		};
		6FE69A582806675E00F54814 /* CityCar */ = {
			isa = PBXGroup;
			children = (
				6F9CE4862806EB8B0085D249 /* Extenstion */,
				6FE69A592806675E00F54814 /* CityCarApp.swift */,
				6FE69A5B2806675E00F54814 /* ContentView.swift */,
				6FE69A5D2806675F00F54814 /* Assets.xcassets */,
				6FE69A622806675F00F54814 /* Persistence.swift */,
				6FE69A642806675F00F54814 /* CityCar.xcdatamodeld */,
				6FE69A5F2806675F00F54814 /* Preview Content */,
			);
			path = CityCar;
			sourceTree = "<group>";
		};
		6FE69A5F2806675F00F54814 /* Preview Content */ = {
			isa = PBXGroup;
			children = (
				6FE69A602806675F00F54814 /* Preview Assets.xcassets */,
			);
			path = "Preview Content";
			sourceTree = "<group>";
		};
		6FE69A6E2806676000F54814 /* CityCarTests */ = {
			isa = PBXGroup;
			children = (
				6FE69A6F2806676000F54814 /* CityCarTests.swift */,
			);
			path = CityCarTests;
			sourceTree = "<group>";
		};
		6FE69A782806676000F54814 /* CityCarUITests */ = {
			isa = PBXGroup;
			children = (
				6FE69A792806676000F54814 /* CityCarUITests.swift */,
				6FE69A7B2806676000F54814 /* CityCarUITestsLaunchTests.swift */,
			);
			path = CityCarUITests;
			sourceTree = "<group>";
		};
/* End PBXGroup section */

/* Begin PBXNativeTarget section */
		6FE69A552806675E00F54814 /* CityCar */ = {
			isa = PBXNativeTarget;
			buildConfigurationList = 6FE69A7F2806676000F54814 /* Build configuration list for PBXNativeTarget "CityCar" */;
			buildPhases = (
				6FE69A522806675E00F54814 /* Sources */,
				6FE69A532806675E00F54814 /* Frameworks */,
				6FE69A542806675E00F54814 /* Resources */,
			);
			buildRules = (
			);
			dependencies = (
			);
			name = CityCar;
			productName = CityCar;
			productReference = 6FE69A562806675E00F54814 /* CityCar.app */;
			productType = "com.apple.product-type.application";
		};
		6FE69A6A2806676000F54814 /* CityCarTests */ = {
			isa = PBXNativeTarget;
			buildConfigurationList = 6FE69A822806676000F54814 /* Build configuration list for PBXNativeTarget "CityCarTests" */;
			buildPhases = (
				6FE69A672806676000F54814 /* Sources */,
				6FE69A682806676000F54814 /* Frameworks */,
				6FE69A692806676000F54814 /* Resources */,
			);
			buildRules = (
			);
			dependencies = (
				6FE69A6D2806676000F54814 /* PBXTargetDependency */,
			);
			name = CityCarTests;
			productName = CityCarTests;
			productReference = 6FE69A6B2806676000F54814 /* CityCarTests.xctest */;
			productType = "com.apple.product-type.bundle.unit-test";
		};
		6FE69A742806676000F54814 /* CityCarUITests */ = {
			isa = PBXNativeTarget;
			buildConfigurationList = 6FE69A852806676000F54814 /* Build configuration list for PBXNativeTarget "CityCarUITests" */;
			buildPhases = (
				6FE69A712806676000F54814 /* Sources */,
				6FE69A722806676000F54814 /* Frameworks */,
				6FE69A732806676000F54814 /* Resources */,
			);
			buildRules = (
			);
			dependencies = (
				6FE69A772806676000F54814 /* PBXTargetDependency */,
			);
			name = CityCarUITests;
			productName = CityCarUITests;
			productReference = 6FE69A752806676000F54814 /* CityCarUITests.xctest */;
			productType = "com.apple.product-type.bundle.ui-testing";
		};
/* End PBXNativeTarget section */

/* Begin PBXProject section */
		6FE69A4E2806675E00F54814 /* Project object */ = {
			isa = PBXProject;
			attributes = {
				BuildIndependentTargetsInParallel = 1;
				LastSwiftUpdateCheck = 1330;
				LastUpgradeCheck = 1330;
				TargetAttributes = {
					6FE69A552806675E00F54814 = {
						CreatedOnToolsVersion = 13.3;
					};
					6FE69A6A2806676000F54814 = {
						CreatedOnToolsVersion = 13.3;
						TestTargetID = 6FE69A552806675E00F54814;
					};
					6FE69A742806676000F54814 = {
						CreatedOnToolsVersion = 13.3;
						TestTargetID = 6FE69A552806675E00F54814;
					};
				};
			};
			buildConfigurationList = 6FE69A512806675E00F54814 /* Build configuration list for PBXProject "CityCar" */;
			compatibilityVersion = "Xcode 13.0";
			developmentRegion = en;
			hasScannedForEncodings = 0;
			knownRegions = (
				en,
				Base,
			);
			mainGroup = 6FE69A4D2806675E00F54814;
			productRefGroup = 6FE69A572806675E00F54814 /* Products */;
			projectDirPath = "";
			projectRoot = "";
			targets = (
				6FE69A552806675E00F54814 /* CityCar */,
				6FE69A6A2806676000F54814 /* CityCarTests */,
				6FE69A742806676000F54814 /* CityCarUITests */,
			);
		};
/* End PBXProject section */

/* Begin PBXResourcesBuildPhase section */
		6FE69A542806675E00F54814 /* Resources */ = {
			isa = PBXResourcesBuildPhase;
			buildActionMask = 2147483647;
			files = (
				6FE69A612806675F00F54814 /* Preview Assets.xcassets in Resources */,
				6FE69A5E2806675F00F54814 /* Assets.xcassets in Resources */,
			);
			runOnlyForDeploymentPostprocessing = 0;
		};
		6FE69A692806676000F54814 /* Resources */ = {
			isa = PBXResourcesBuildPhase;
			buildActionMask = 2147483647;
			files = (
			);
			runOnlyForDeploymentPostprocessing = 0;
		};
		6FE69A732806676000F54814 /* Resources */ = {
			isa = PBXResourcesBuildPhase;
			buildActionMask = 2147483647;
			files = (
			);
			runOnlyForDeploymentPostprocessing = 0;
		};
/* End PBXResourcesBuildPhase section */

/* Begin PBXSourcesBuildPhase section */
		6FE69A522806675E00F54814 /* Sources */ = {
			isa = PBXSourcesBuildPhase;
			buildActionMask = 2147483647;
			files = (
				6FE69A632806675F00F54814 /* Persistence.swift in Sources */,
				6FE69A5C2806675E00F54814 /* ContentView.swift in Sources */,
				6FE69A8928066B7800F54814 /* LaunchScreen.swift in Sources */,
				6FE69A5A2806675E00F54814 /* CityCarApp.swift in Sources */,
				6F9CE4882806EB9C0085D249 /* View+Extenstion.swift in Sources */,
				6F25A0442807AA9700718D34 /* SafeArea+Extenstion.swift in Sources */,
				6FE69A662806675F00F54814 /* CityCar.xcdatamodeld in Sources */,
			);
			runOnlyForDeploymentPostprocessing = 0;
		};
		6FE69A672806676000F54814 /* Sources */ = {
			isa = PBXSourcesBuildPhase;
			buildActionMask = 2147483647;
			files = (
				6FE69A702806676000F54814 /* CityCarTests.swift in Sources */,
			);
			runOnlyForDeploymentPostprocessing = 0;
		};
		6FE69A712806676000F54814 /* Sources */ = {
			isa = PBXSourcesBuildPhase;
			buildActionMask = 2147483647;
			files = (
				6FE69A7C2806676000F54814 /* CityCarUITestsLaunchTests.swift in Sources */,
				6FE69A7A2806676000F54814 /* CityCarUITests.swift in Sources */,
			);
			runOnlyForDeploymentPostprocessing = 0;
		};
/* End PBXSourcesBuildPhase section */

/* Begin PBXTargetDependency section */
		6FE69A6D2806676000F54814 /* PBXTargetDependency */ = {
			isa = PBXTargetDependency;
			target = 6FE69A552806675E00F54814 /* CityCar */;
			targetProxy = 6FE69A6C2806676000F54814 /* PBXContainerItemProxy */;
		};
		6FE69A772806676000F54814 /* PBXTargetDependency */ = {
			isa = PBXTargetDependency;
			target = 6FE69A552806675E00F54814 /* CityCar */;
			targetProxy = 6FE69A762806676000F54814 /* PBXContainerItemProxy */;
		};
/* End PBXTargetDependency section */

/* Begin XCBuildConfiguration section */
		6FE69A7D2806676000F54814 /* Debug */ = {
			isa = XCBuildConfiguration;
			buildSettings = {
				ALWAYS_SEARCH_USER_PATHS = NO;
				CLANG_ANALYZER_NONNULL = YES;
				CLANG_ANALYZER_NUMBER_OBJECT_CONVERSION = YES_AGGRESSIVE;
				CLANG_CXX_LANGUAGE_STANDARD = "gnu++17";
				CLANG_ENABLE_MODULES = YES;
				CLANG_ENABLE_OBJC_ARC = YES;
				CLANG_ENABLE_OBJC_WEAK = YES;
				CLANG_WARN_BLOCK_CAPTURE_AUTORELEASING = YES;
				CLANG_WARN_BOOL_CONVERSION = YES;
				CLANG_WARN_COMMA = YES;
				CLANG_WARN_CONSTANT_CONVERSION = YES;
				CLANG_WARN_DEPRECATED_OBJC_IMPLEMENTATIONS = YES;
				CLANG_WARN_DIRECT_OBJC_ISA_USAGE = YES_ERROR;
				CLANG_WARN_DOCUMENTATION_COMMENTS = YES;
				CLANG_WARN_EMPTY_BODY = YES;
				CLANG_WARN_ENUM_CONVERSION = YES;
				CLANG_WARN_INFINITE_RECURSION = YES;
				CLANG_WARN_INT_CONVERSION = YES;
				CLANG_WARN_NON_LITERAL_NULL_CONVERSION = YES;
				CLANG_WARN_OBJC_IMPLICIT_RETAIN_SELF = YES;
				CLANG_WARN_OBJC_LITERAL_CONVERSION = YES;
				CLANG_WARN_OBJC_ROOT_CLASS = YES_ERROR;
				CLANG_WARN_QUOTED_INCLUDE_IN_FRAMEWORK_HEADER = YES;
				CLANG_WARN_RANGE_LOOP_ANALYSIS = YES;
				CLANG_WARN_STRICT_PROTOTYPES = YES;
				CLANG_WARN_SUSPICIOUS_MOVE = YES;
				CLANG_WARN_UNGUARDED_AVAILABILITY = YES_AGGRESSIVE;
				CLANG_WARN_UNREACHABLE_CODE = YES;
				CLANG_WARN__DUPLICATE_METHOD_MATCH = YES;
				COPY_PHASE_STRIP = NO;
				DEBUG_INFORMATION_FORMAT = dwarf;
				ENABLE_STRICT_OBJC_MSGSEND = YES;
				ENABLE_TESTABILITY = YES;
				GCC_C_LANGUAGE_STANDARD = gnu11;
				GCC_DYNAMIC_NO_PIC = NO;
				GCC_NO_COMMON_BLOCKS = YES;
				GCC_OPTIMIZATION_LEVEL = 0;
				GCC_PREPROCESSOR_DEFINITIONS = (
					"DEBUG=1",
					"$(inherited)",
				);
				GCC_WARN_64_TO_32_BIT_CONVERSION = YES;
				GCC_WARN_ABOUT_RETURN_TYPE = YES_ERROR;
				GCC_WARN_UNDECLARED_SELECTOR = YES;
				GCC_WARN_UNINITIALIZED_AUTOS = YES_AGGRESSIVE;
				GCC_WARN_UNUSED_FUNCTION = YES;
				GCC_WARN_UNUSED_VARIABLE = YES;
				IPHONEOS_DEPLOYMENT_TARGET = 15.4;
				MTL_ENABLE_DEBUG_INFO = INCLUDE_SOURCE;
				MTL_FAST_MATH = YES;
				ONLY_ACTIVE_ARCH = YES;
				SDKROOT = iphoneos;
				SWIFT_ACTIVE_COMPILATION_CONDITIONS = DEBUG;
				SWIFT_OPTIMIZATION_LEVEL = "-Onone";
			};
			name = Debug;
		};
		6FE69A7E2806676000F54814 /* Release */ = {
			isa = XCBuildConfiguration;
			buildSettings = {
				ALWAYS_SEARCH_USER_PATHS = NO;
				CLANG_ANALYZER_NONNULL = YES;
				CLANG_ANALYZER_NUMBER_OBJECT_CONVERSION = YES_AGGRESSIVE;
				CLANG_CXX_LANGUAGE_STANDARD = "gnu++17";
				CLANG_ENABLE_MODULES = YES;
				CLANG_ENABLE_OBJC_ARC = YES;
				CLANG_ENABLE_OBJC_WEAK = YES;
				CLANG_WARN_BLOCK_CAPTURE_AUTORELEASING = YES;
				CLANG_WARN_BOOL_CONVERSION = YES;
				CLANG_WARN_COMMA = YES;
				CLANG_WARN_CONSTANT_CONVERSION = YES;
				CLANG_WARN_DEPRECATED_OBJC_IMPLEMENTATIONS = YES;
				CLANG_WARN_DIRECT_OBJC_ISA_USAGE = YES_ERROR;
				CLANG_WARN_DOCUMENTATION_COMMENTS = YES;
				CLANG_WARN_EMPTY_BODY = YES;
				CLANG_WARN_ENUM_CONVERSION = YES;
				CLANG_WARN_INFINITE_RECURSION = YES;
				CLANG_WARN_INT_CONVERSION = YES;
				CLANG_WARN_NON_LITERAL_NULL_CONVERSION = YES;
				CLANG_WARN_OBJC_IMPLICIT_RETAIN_SELF = YES;
				CLANG_WARN_OBJC_LITERAL_CONVERSION = YES;
				CLANG_WARN_OBJC_ROOT_CLASS = YES_ERROR;
				CLANG_WARN_QUOTED_INCLUDE_IN_FRAMEWORK_HEADER = YES;
				CLANG_WARN_RANGE_LOOP_ANALYSIS = YES;
				CLANG_WARN_STRICT_PROTOTYPES = YES;
				CLANG_WARN_SUSPICIOUS_MOVE = YES;
				CLANG_WARN_UNGUARDED_AVAILABILITY = YES_AGGRESSIVE;
				CLANG_WARN_UNREACHABLE_CODE = YES;
				CLANG_WARN__DUPLICATE_METHOD_MATCH = YES;
				COPY_PHASE_STRIP = NO;
				DEBUG_INFORMATION_FORMAT = "dwarf-with-dsym";
				ENABLE_NS_ASSERTIONS = NO;
				ENABLE_STRICT_OBJC_MSGSEND = YES;
				GCC_C_LANGUAGE_STANDARD = gnu11;
				GCC_NO_COMMON_BLOCKS = YES;
				GCC_WARN_64_TO_32_BIT_CONVERSION = YES;
				GCC_WARN_ABOUT_RETURN_TYPE = YES_ERROR;
				GCC_WARN_UNDECLARED_SELECTOR = YES;
				GCC_WARN_UNINITIALIZED_AUTOS = YES_AGGRESSIVE;
				GCC_WARN_UNUSED_FUNCTION = YES;
				GCC_WARN_UNUSED_VARIABLE = YES;
				IPHONEOS_DEPLOYMENT_TARGET = 15.4;
				MTL_ENABLE_DEBUG_INFO = NO;
				MTL_FAST_MATH = YES;
				SDKROOT = iphoneos;
				SWIFT_COMPILATION_MODE = wholemodule;
				SWIFT_OPTIMIZATION_LEVEL = "-O";
				VALIDATE_PRODUCT = YES;
			};
			name = Release;
		};
		6FE69A802806676000F54814 /* Debug */ = {
			isa = XCBuildConfiguration;
			buildSettings = {
				ASSETCATALOG_COMPILER_APPICON_NAME = AppIcon;
				ASSETCATALOG_COMPILER_GLOBAL_ACCENT_COLOR_NAME = AccentColor;
				CODE_SIGN_STYLE = Automatic;
				CURRENT_PROJECT_VERSION = 1;
				DEVELOPMENT_ASSET_PATHS = "\"CityCar/Preview Content\"";
				DEVELOPMENT_TEAM = N99XSDZB9H;
				ENABLE_PREVIEWS = YES;
				GENERATE_INFOPLIST_FILE = YES;
				INFOPLIST_KEY_UIApplicationSceneManifest_Generation = YES;
				INFOPLIST_KEY_UIApplicationSupportsIndirectInputEvents = YES;
				INFOPLIST_KEY_UILaunchScreen_Generation = YES;
				INFOPLIST_KEY_UISupportedInterfaceOrientations_iPad = "UIInterfaceOrientationPortrait UIInterfaceOrientationPortraitUpsideDown UIInterfaceOrientationLandscapeLeft UIInterfaceOrientationLandscapeRight";
				INFOPLIST_KEY_UISupportedInterfaceOrientations_iPhone = "UIInterfaceOrientationPortrait UIInterfaceOrientationLandscapeLeft UIInterfaceOrientationLandscapeRight";
				IPHONEOS_DEPLOYMENT_TARGET = 15.4;
				LD_RUNPATH_SEARCH_PATHS = (
					"$(inherited)",
					"@executable_path/Frameworks",
				);
				MARKETING_VERSION = 1.0;
				PRODUCT_BUNDLE_IDENTIFIER = kr.co.citycar.CityCar;
				PRODUCT_NAME = "$(TARGET_NAME)";
				SWIFT_EMIT_LOC_STRINGS = YES;
				SWIFT_VERSION = 5.0;
				TARGETED_DEVICE_FAMILY = "1,2";
			};
			name = Debug;
		};
		6FE69A812806676000F54814 /* Release */ = {
			isa = XCBuildConfiguration;
			buildSettings = {
				ASSETCATALOG_COMPILER_APPICON_NAME = AppIcon;
				ASSETCATALOG_COMPILER_GLOBAL_ACCENT_COLOR_NAME = AccentColor;
				CODE_SIGN_STYLE = Automatic;
				CURRENT_PROJECT_VERSION = 1;
				DEVELOPMENT_ASSET_PATHS = "\"CityCar/Preview Content\"";
				DEVELOPMENT_TEAM = N99XSDZB9H;
				ENABLE_PREVIEWS = YES;
				GENERATE_INFOPLIST_FILE = YES;
				INFOPLIST_KEY_UIApplicationSceneManifest_Generation = YES;
				INFOPLIST_KEY_UIApplicationSupportsIndirectInputEvents = YES;
				INFOPLIST_KEY_UILaunchScreen_Generation = YES;
				INFOPLIST_KEY_UISupportedInterfaceOrientations_iPad = "UIInterfaceOrientationPortrait UIInterfaceOrientationPortraitUpsideDown UIInterfaceOrientationLandscapeLeft UIInterfaceOrientationLandscapeRight";
				INFOPLIST_KEY_UISupportedInterfaceOrientations_iPhone = "UIInterfaceOrientationPortrait UIInterfaceOrientationLandscapeLeft UIInterfaceOrientationLandscapeRight";
				IPHONEOS_DEPLOYMENT_TARGET = 15.4;
				LD_RUNPATH_SEARCH_PATHS = (
					"$(inherited)",
					"@executable_path/Frameworks",
				);
				MARKETING_VERSION = 1.0;
				PRODUCT_BUNDLE_IDENTIFIER = kr.co.citycar.CityCar;
				PRODUCT_NAME = "$(TARGET_NAME)";
				SWIFT_EMIT_LOC_STRINGS = YES;
				SWIFT_VERSION = 5.0;
				TARGETED_DEVICE_FAMILY = "1,2";
			};
			name = Release;
		};
		6FE69A832806676000F54814 /* Debug */ = {
			isa = XCBuildConfiguration;
			buildSettings = {
				ALWAYS_EMBED_SWIFT_STANDARD_LIBRARIES = YES;
				BUNDLE_LOADER = "$(TEST_HOST)";
				CODE_SIGN_STYLE = Automatic;
				CURRENT_PROJECT_VERSION = 1;
				DEVELOPMENT_TEAM = N99XSDZB9H;
				GENERATE_INFOPLIST_FILE = YES;
				IPHONEOS_DEPLOYMENT_TARGET = 15.4;
				MARKETING_VERSION = 1.0;
				PRODUCT_BUNDLE_IDENTIFIER = kr.co.citycar.CityCarTests;
				PRODUCT_NAME = "$(TARGET_NAME)";
				SWIFT_EMIT_LOC_STRINGS = NO;
				SWIFT_VERSION = 5.0;
				TARGETED_DEVICE_FAMILY = "1,2";
				TEST_HOST = "$(BUILT_PRODUCTS_DIR)/CityCar.app/CityCar";
			};
			name = Debug;
		};
		6FE69A842806676000F54814 /* Release */ = {
			isa = XCBuildConfiguration;
			buildSettings = {
				ALWAYS_EMBED_SWIFT_STANDARD_LIBRARIES = YES;
				BUNDLE_LOADER = "$(TEST_HOST)";
				CODE_SIGN_STYLE = Automatic;
				CURRENT_PROJECT_VERSION = 1;
				DEVELOPMENT_TEAM = N99XSDZB9H;
				GENERATE_INFOPLIST_FILE = YES;
				IPHONEOS_DEPLOYMENT_TARGET = 15.4;
				MARKETING_VERSION = 1.0;
				PRODUCT_BUNDLE_IDENTIFIER = kr.co.citycar.CityCarTests;
				PRODUCT_NAME = "$(TARGET_NAME)";
				SWIFT_EMIT_LOC_STRINGS = NO;
				SWIFT_VERSION = 5.0;
				TARGETED_DEVICE_FAMILY = "1,2";
				TEST_HOST = "$(BUILT_PRODUCTS_DIR)/CityCar.app/CityCar";
			};
			name = Release;
		};
		6FE69A862806676000F54814 /* Debug */ = {
			isa = XCBuildConfiguration;
			buildSettings = {
				ALWAYS_EMBED_SWIFT_STANDARD_LIBRARIES = YES;
				CODE_SIGN_STYLE = Automatic;
				CURRENT_PROJECT_VERSION = 1;
				DEVELOPMENT_TEAM = N99XSDZB9H;
				GENERATE_INFOPLIST_FILE = YES;
				MARKETING_VERSION = 1.0;
				PRODUCT_BUNDLE_IDENTIFIER = kr.co.citycar.CityCarUITests;
				PRODUCT_NAME = "$(TARGET_NAME)";
				SWIFT_EMIT_LOC_STRINGS = NO;
				SWIFT_VERSION = 5.0;
				TARGETED_DEVICE_FAMILY = "1,2";
				TEST_TARGET_NAME = CityCar;
			};
			name = Debug;
		};
		6FE69A872806676000F54814 /* Release */ = {
			isa = XCBuildConfiguration;
			buildSettings = {
				ALWAYS_EMBED_SWIFT_STANDARD_LIBRARIES = YES;
				CODE_SIGN_STYLE = Automatic;
				CURRENT_PROJECT_VERSION = 1;
				DEVELOPMENT_TEAM = N99XSDZB9H;
				GENERATE_INFOPLIST_FILE = YES;
				MARKETING_VERSION = 1.0;
				PRODUCT_BUNDLE_IDENTIFIER = kr.co.citycar.CityCarUITests;
				PRODUCT_NAME = "$(TARGET_NAME)";
				SWIFT_EMIT_LOC_STRINGS = NO;
				SWIFT_VERSION = 5.0;
				TARGETED_DEVICE_FAMILY = "1,2";
				TEST_TARGET_NAME = CityCar;
			};
			name = Release;
		};
/* End XCBuildConfiguration section */

/* Begin XCConfigurationList section */
		6FE69A512806675E00F54814 /* Build configuration list for PBXProject "CityCar" */ = {
			isa = XCConfigurationList;
			buildConfigurations = (
				6FE69A7D2806676000F54814 /* Debug */,
				6FE69A7E2806676000F54814 /* Release */,
			);
			defaultConfigurationIsVisible = 0;
			defaultConfigurationName = Release;
		};
		6FE69A7F2806676000F54814 /* Build configuration list for PBXNativeTarget "CityCar" */ = {
			isa = XCConfigurationList;
			buildConfigurations = (
				6FE69A802806676000F54814 /* Debug */,
				6FE69A812806676000F54814 /* Release */,
			);
			defaultConfigurationIsVisible = 0;
			defaultConfigurationName = Release;
		};
		6FE69A822806676000F54814 /* Build configuration list for PBXNativeTarget "CityCarTests" */ = {
			isa = XCConfigurationList;
			buildConfigurations = (
				6FE69A832806676000F54814 /* Debug */,
				6FE69A842806676000F54814 /* Release */,
			);
			defaultConfigurationIsVisible = 0;
			defaultConfigurationName = Release;
		};
		6FE69A852806676000F54814 /* Build configuration list for PBXNativeTarget "CityCarUITests" */ = {
			isa = XCConfigurationList;
			buildConfigurations = (
				6FE69A862806676000F54814 /* Debug */,
				6FE69A872806676000F54814 /* Release */,
			);
			defaultConfigurationIsVisible = 0;
			defaultConfigurationName = Release;
		};
/* End XCConfigurationList section */

/* Begin XCVersionGroup section */
		6FE69A642806675F00F54814 /* CityCar.xcdatamodeld */ = {
			isa = XCVersionGroup;
			children = (
				6FE69A652806675F00F54814 /* CityCar.xcdatamodel */,
			);
			currentVersion = 6FE69A652806675F00F54814 /* CityCar.xcdatamodel */;
			path = CityCar.xcdatamodeld;
			sourceTree = "<group>";
			versionGroupType = wrapper.xcdatamodel;
		};
/* End XCVersionGroup section */
	};
	rootObject = 6FE69A4E2806675E00F54814 /* Project object */;
}
